
Microsoft Visual Studio Solution File, Format Version 12.00
# Visual Studio Version 17
VisualStudioVersion = 17.8.34322.80
MinimumVisualStudioVersion = 10.0.40219.1
Project("{FAE04EC0-301F-11D3-BF4B-00C04F79EFBC}") = "ChessTake1", "ChessTake1\ChessTake1.csproj", "{A028BBD0-B0B6-4636-B6B5-B4953DC40D69}"
EndProject
Global
	GlobalSection(SolutionConfigurationPlatforms) = preSolution
		Debug|Any CPU = Debug|Any CPU
		Release|Any CPU = Release|Any CPU
	EndGlobalSection
	GlobalSection(ProjectConfigurationPlatforms) = postSolution
		{A028BBD0-B0B6-4636-B6B5-B4953DC40D69}.Debug|Any CPU.ActiveCfg = Debug|Any CPU
		{A028BBD0-B0B6-4636-B6B5-B4953DC40D69}.Debug|Any CPU.Build.0 = Debug|Any CPU
		{A028BBD0-B0B6-4636-B6B5-B4953DC40D69}.Release|Any CPU.ActiveCfg = Release|Any CPU
		{A028BBD0-B0B6-4636-B6B5-B4953DC40D69}.Release|Any CPU.Build.0 = Release|Any CPU
	EndGlobalSection
	GlobalSection(SolutionProperties) = preSolution
		HideSolutionNode = FALSE
	EndGlobalSection
	GlobalSection(ExtensibilityGlobals) = postSolution
		SolutionGuid = {7408195E-A24D-40DD-BD50-56DF2ABF5E82}
	EndGlobalSection
EndGlobal
